
Microsoft Visual Studio Solution File, Format Version 12.00
# Visual Studio Version 16
VisualStudioVersion = 16.0.31229.75
MinimumVisualStudioVersion = 10.0.40219.1
Project("{FAE04EC0-301F-11D3-BF4B-00C04F79EFBC}") = "CRUDApplication", "CRUDApplication\CRUDApplication.csproj", "{286F7505-77A4-42DA-ACBF-2A9E09BCE62D}"
EndProject
Global
	GlobalSection(SolutionConfigurationPlatforms) = preSolution
		Debug|Any CPU = Debug|Any CPU
		Release|Any CPU = Release|Any CPU
	EndGlobalSection
	GlobalSection(ProjectConfigurationPlatforms) = postSolution
		{286F7505-77A4-42DA-ACBF-2A9E09BCE62D}.Debug|Any CPU.ActiveCfg = Debug|Any CPU
		{286F7505-77A4-42DA-ACBF-2A9E09BCE62D}.Debug|Any CPU.Build.0 = Debug|Any CPU
		{286F7505-77A4-42DA-ACBF-2A9E09BCE62D}.Release|Any CPU.ActiveCfg = Release|Any CPU
		{286F7505-77A4-42DA-ACBF-2A9E09BCE62D}.Release|Any CPU.Build.0 = Release|Any CPU
	EndGlobalSection
	GlobalSection(SolutionProperties) = preSolution
		HideSolutionNode = FALSE
	EndGlobalSection
	GlobalSection(ExtensibilityGlobals) = postSolution
		SolutionGuid = {5336D284-B930-410A-A0F9-3E5AB2AC0C93}
	EndGlobalSection
EndGlobal
